
Microsoft Visual Studio Solution File, Format Version 12.00
# Visual Studio 2015
Project("{FAE04EC0-301F-11D3-BF4B-00C04F79EFBC}") = "ProcCave.CSharp", "ProcCave.CSharp.csproj", "{645CECC7-F656-F292-C68E-8E1D2BD82535}"
EndProject
Global
	GlobalSection(SolutionConfigurationPlatforms) = preSolution
		Debug|Any CPU = Debug|Any CPU
		Release|Any CPU = Release|Any CPU
	EndGlobalSection
	GlobalSection(ProjectConfigurationPlatforms) = postSolution
		{645CECC7-F656-F292-C68E-8E1D2BD82535}.Debug|Any CPU.ActiveCfg = Debug|Any CPU
		{645CECC7-F656-F292-C68E-8E1D2BD82535}.Debug|Any CPU.Build.0 = Debug|Any CPU
		{645CECC7-F656-F292-C68E-8E1D2BD82535}.Release|Any CPU.ActiveCfg = Release|Any CPU
		{645CECC7-F656-F292-C68E-8E1D2BD82535}.Release|Any CPU.Build.0 = Release|Any CPU
	EndGlobalSection
	GlobalSection(SolutionProperties) = preSolution
		HideSolutionNode = FALSE
	EndGlobalSection
EndGlobal
